
Microsoft Visual Studio Solution File, Format Version 12.00
# Visual Studio Version 17
VisualStudioVersion = 17.5.33424.131
MinimumVisualStudioVersion = 10.0.40219.1
Project("{FAE04EC0-301F-11D3-BF4B-00C04F79EFBC}") = "web Api Proje", "web Api Proje\web Api Proje.csproj", "{1EA57DC1-7EF3-444E-9F8D-CCBD9888DABE}"
EndProject
Global
	GlobalSection(SolutionConfigurationPlatforms) = preSolution
		Debug|Any CPU = Debug|Any CPU
		Release|Any CPU = Release|Any CPU
	EndGlobalSection
	GlobalSection(ProjectConfigurationPlatforms) = postSolution
		{1EA57DC1-7EF3-444E-9F8D-CCBD9888DABE}.Debug|Any CPU.ActiveCfg = Debug|Any CPU
		{1EA57DC1-7EF3-444E-9F8D-CCBD9888DABE}.Debug|Any CPU.Build.0 = Debug|Any CPU
		{1EA57DC1-7EF3-444E-9F8D-CCBD9888DABE}.Release|Any CPU.ActiveCfg = Release|Any CPU
		{1EA57DC1-7EF3-444E-9F8D-CCBD9888DABE}.Release|Any CPU.Build.0 = Release|Any CPU
	EndGlobalSection
	GlobalSection(SolutionProperties) = preSolution
		HideSolutionNode = FALSE
	EndGlobalSection
	GlobalSection(ExtensibilityGlobals) = postSolution
		SolutionGuid = {ED333630-8C84-4663-8A86-C07799202323}
	EndGlobalSection
EndGlobal
